
Microsoft Visual Studio Solution File, Format Version 12.00
# Visual Studio Version 16
VisualStudioVersion = 16.0.30114.105
MinimumVisualStudioVersion = 10.0.40219.1
Project("{2150E333-8FDC-42A3-9474-1A3956D46DE8}") = "src", "src", "{757E1D72-2140-48F2-91AB-20C425DC1B12}"
EndProject
Project("{2150E333-8FDC-42A3-9474-1A3956D46DE8}") = "examples", "examples", "{6146EE32-CA1C-4B6D-BC0F-7366E70F5B4C}"
EndProject
Project("{9A19103F-16F7-4668-BE54-9A1E7A4F7556}") = "XtlSharp", "XtlSharp\XtlSharp.csproj", "{48BA0BDF-DCB1-4599-BE02-A63030CDA45A}"
EndProject
Project("{9A19103F-16F7-4668-BE54-9A1E7A4F7556}") = "ScratchPad", "..\examples\ScratchPad\ScratchPad.csproj", "{558E000A-68E5-4161-AC95-5334B7016A40}"
EndProject
Global
	GlobalSection(SolutionConfigurationPlatforms) = preSolution
		Debug|Any CPU = Debug|Any CPU
		Release|Any CPU = Release|Any CPU
	EndGlobalSection
	GlobalSection(ProjectConfigurationPlatforms) = postSolution
		{48BA0BDF-DCB1-4599-BE02-A63030CDA45A}.Debug|Any CPU.ActiveCfg = Debug|Any CPU
		{48BA0BDF-DCB1-4599-BE02-A63030CDA45A}.Debug|Any CPU.Build.0 = Debug|Any CPU
		{48BA0BDF-DCB1-4599-BE02-A63030CDA45A}.Release|Any CPU.ActiveCfg = Release|Any CPU
		{48BA0BDF-DCB1-4599-BE02-A63030CDA45A}.Release|Any CPU.Build.0 = Release|Any CPU
		{558E000A-68E5-4161-AC95-5334B7016A40}.Debug|Any CPU.ActiveCfg = Debug|Any CPU
		{558E000A-68E5-4161-AC95-5334B7016A40}.Debug|Any CPU.Build.0 = Debug|Any CPU
		{558E000A-68E5-4161-AC95-5334B7016A40}.Release|Any CPU.ActiveCfg = Release|Any CPU
		{558E000A-68E5-4161-AC95-5334B7016A40}.Release|Any CPU.Build.0 = Release|Any CPU
	EndGlobalSection
	GlobalSection(SolutionProperties) = preSolution
		HideSolutionNode = FALSE
	EndGlobalSection
	GlobalSection(NestedProjects) = preSolution
		{48BA0BDF-DCB1-4599-BE02-A63030CDA45A} = {757E1D72-2140-48F2-91AB-20C425DC1B12}
		{558E000A-68E5-4161-AC95-5334B7016A40} = {6146EE32-CA1C-4B6D-BC0F-7366E70F5B4C}
	EndGlobalSection
	GlobalSection(ExtensibilityGlobals) = postSolution
		SolutionGuid = {876BB06D-EF07-4F6F-BE36-8EFD291A51C1}
	EndGlobalSection
EndGlobal
